
Microsoft Visual Studio Solution File, Format Version 12.00
# Visual Studio 15
VisualStudioVersion = 15.0.28010.2019
MinimumVisualStudioVersion = 10.0.40219.1
Project("{FAE04EC0-301F-11D3-BF4B-00C04F79EFBC}") = "Nanoleaf Integration for SLCB", "NI4SLCB\Nanoleaf Integration for SLCB.csproj", "{390B7471-F3C2-4FE5-9159-D59454063AD2}"
EndProject
Global
	GlobalSection(SolutionConfigurationPlatforms) = preSolution
		Debug|Any CPU = Debug|Any CPU
		Release|Any CPU = Release|Any CPU
	EndGlobalSection
	GlobalSection(ProjectConfigurationPlatforms) = postSolution
		{390B7471-F3C2-4FE5-9159-D59454063AD2}.Debug|Any CPU.ActiveCfg = Debug|Any CPU
		{390B7471-F3C2-4FE5-9159-D59454063AD2}.Debug|Any CPU.Build.0 = Debug|Any CPU
		{390B7471-F3C2-4FE5-9159-D59454063AD2}.Release|Any CPU.ActiveCfg = Release|Any CPU
		{390B7471-F3C2-4FE5-9159-D59454063AD2}.Release|Any CPU.Build.0 = Release|Any CPU
	EndGlobalSection
	GlobalSection(SolutionProperties) = preSolution
		HideSolutionNode = FALSE
	EndGlobalSection
	GlobalSection(ExtensibilityGlobals) = postSolution
		SolutionGuid = {AE91A317-0DFB-441A-998A-40B11FAE75B1}
	EndGlobalSection
EndGlobal
